
Microsoft Visual Studio Solution File, Format Version 12.00
# Visual Studio 15
VisualStudioVersion = 15.0.27703.2026
MinimumVisualStudioVersion = 10.0.40219.1
Project("{9A19103F-16F7-4668-BE54-9A1E7A4F7556}") = "OctoPack.Precompile.Tests", "OctoPack.Precompile.Tests\OctoPack.Precompile.Tests.csproj", "{9DE3E183-C982-474E-8624-5ABA331CC796}"
EndProject
Project("{FAE04EC0-301F-11D3-BF4B-00C04F79EFBC}") = "OctoPack.Precompile", "OctoPack.Precompile\OctoPack.Precompile.csproj", "{4C373433-FDAA-44E0-AAAC-611009716A08}"
EndProject
Global
	GlobalSection(SolutionConfigurationPlatforms) = preSolution
		Debug|Any CPU = Debug|Any CPU
		Release|Any CPU = Release|Any CPU
	EndGlobalSection
	GlobalSection(ProjectConfigurationPlatforms) = postSolution
		{9DE3E183-C982-474E-8624-5ABA331CC796}.Debug|Any CPU.ActiveCfg = Debug|Any CPU
		{9DE3E183-C982-474E-8624-5ABA331CC796}.Debug|Any CPU.Build.0 = Debug|Any CPU
		{9DE3E183-C982-474E-8624-5ABA331CC796}.Release|Any CPU.ActiveCfg = Release|Any CPU
		{9DE3E183-C982-474E-8624-5ABA331CC796}.Release|Any CPU.Build.0 = Release|Any CPU
		{4C373433-FDAA-44E0-AAAC-611009716A08}.Debug|Any CPU.ActiveCfg = Debug|Any CPU
		{4C373433-FDAA-44E0-AAAC-611009716A08}.Debug|Any CPU.Build.0 = Debug|Any CPU
		{4C373433-FDAA-44E0-AAAC-611009716A08}.Release|Any CPU.ActiveCfg = Release|Any CPU
		{4C373433-FDAA-44E0-AAAC-611009716A08}.Release|Any CPU.Build.0 = Release|Any CPU
	EndGlobalSection
	GlobalSection(SolutionProperties) = preSolution
		HideSolutionNode = FALSE
	EndGlobalSection
	GlobalSection(ExtensibilityGlobals) = postSolution
		SolutionGuid = {9C193C63-EA74-4F2F-BF63-F240237ED3C9}
	EndGlobalSection
EndGlobal
