
Microsoft Visual Studio Solution File, Format Version 12.00
# Visual Studio 15
VisualStudioVersion = 15.0.27703.2026
MinimumVisualStudioVersion = 10.0.40219.1
Project("{FAE04EC0-301F-11D3-BF4B-00C04F79EFBC}") = "TestWebApplication", "TestWebApplication.csproj", "{F22B1CF2-5612-457C-B5F7-4B7485AF9215}"
EndProject
Global
	GlobalSection(SolutionConfigurationPlatforms) = preSolution
		Debug|Any CPU = Debug|Any CPU
		Release|Any CPU = Release|Any CPU
	EndGlobalSection
	GlobalSection(ProjectConfigurationPlatforms) = postSolution
		{F22B1CF2-5612-457C-B5F7-4B7485AF9215}.Debug|Any CPU.ActiveCfg = Debug|Any CPU
		{F22B1CF2-5612-457C-B5F7-4B7485AF9215}.Debug|Any CPU.Build.0 = Debug|Any CPU
		{F22B1CF2-5612-457C-B5F7-4B7485AF9215}.Release|Any CPU.ActiveCfg = Debug|Any CPU
		{F22B1CF2-5612-457C-B5F7-4B7485AF9215}.Release|Any CPU.Build.0 = Debug|Any CPU
	EndGlobalSection
	GlobalSection(SolutionProperties) = preSolution
		HideSolutionNode = FALSE
	EndGlobalSection
	GlobalSection(ExtensibilityGlobals) = postSolution
		SolutionGuid = {59C52B56-5D66-475F-9EC3-2B6B786ECD6E}
	EndGlobalSection
EndGlobal
